// !$*UTF8*$!
{
	archiveVersion = 1;
	classes = {
	};
	objectVersion = 52;
	objects = {

/* Begin PBXBuildFile section */
		68259AFA19B710910060713A /* Cocoa.framework in Frameworks */ = {isa = PBXBuildFile; fileRef = 68259AF919B710910060713A /* Cocoa.framework */; };
		68259B2419B713170060713A /* NSDataWithFill.h in Headers */ = {isa = PBXBuildFile; fileRef = 68259B2219B713170060713A /* NSDataWithFill.h */; };
		68259B2519B713170060713A /* NSDataWithFill.m in Sources */ = {isa = PBXBuildFile; fileRef = 68259B2319B713170060713A /* NSDataWithFill.m */; };
		682E8A3C19C7AA4800E2BDC8 /* BaseContext.h in Headers */ = {isa = PBXBuildFile; fileRef = 682E8A3A19C7AA4800E2BDC8 /* BaseContext.h */; };
		682E8A3D19C7AA4800E2BDC8 /* BaseContext.m in Sources */ = {isa = PBXBuildFile; fileRef = 682E8A3B19C7AA4800E2BDC8 /* BaseContext.m */; };
		683141481FB2193B0016514B /* 65xxUtilities.h in Headers */ = {isa = PBXBuildFile; fileRef = 683141461FB2193B0016514B /* 65xxUtilities.h */; };
		683141491FB2193B0016514B /* 65xxUtilities.m in Sources */ = {isa = PBXBuildFile; fileRef = 683141471FB2193B0016514B /* 65xxUtilities.m */; };
		68A425501ECCD76F00FCA83C /* ModelManager.h in Headers */ = {isa = PBXBuildFile; fileRef = 68A4254E1ECCD76F00FCA83C /* ModelManager.h */; };
		68A425511ECCD76F00FCA83C /* ModelManager.m in Sources */ = {isa = PBXBuildFile; fileRef = 68A4254F1ECCD76F00FCA83C /* ModelManager.m */; };
		AB5F68E5E1C69BB693C9E9FD /* BaseDefinition.h in Headers */ = {isa = PBXBuildFile; fileRef = AB5F6DED1C772B93A64FA306 /* BaseDefinition.h */; };
		AB5F6AA9E23F48193FBC726A /* BaseDefinition.m in Sources */ = {isa = PBXBuildFile; fileRef = AB5F6815ECD9B929DB790E64 /* BaseDefinition.m */; };
		AB5F6B6E5F437B0C37D8E218 /* CPUProvider.h in Headers */ = {isa = PBXBuildFile; fileRef = AB5F6E412404A46B1AFFBFA5 /* CPUProvider.h */; };
		AB5F6D088876F75A75A0828B /* Miscellaneous.h in Headers */ = {isa = PBXBuildFile; fileRef = AB5F6FF33884B7C388E208F6 /* Miscellaneous.h */; };
		AB5F6EC090A4104D6BAF03D6 /* Miscellaneous.m in Sources */ = {isa = PBXBuildFile; fileRef = AB5F6AB711E9EEAE8060D349 /* Miscellaneous.m */; };
/* End PBXBuildFile section */

/* Begin PBXFileReference section */
		68259AF619B710910060713A /* libHopperCommon.a */ = {isa = PBXFileReference; explicitFileType = archive.ar; includeInIndex = 0; path = libHopperCommon.a; sourceTree = BUILT_PRODUCTS_DIR; };
		68259AF919B710910060713A /* Cocoa.framework */ = {isa = PBXFileReference; lastKnownFileType = wrapper.framework; name = Cocoa.framework; path = System/Library/Frameworks/Cocoa.framework; sourceTree = SDKROOT; };
		68259AFC19B710910060713A /* Foundation.framework */ = {isa = PBXFileReference; lastKnownFileType = wrapper.framework; name = Foundation.framework; path = System/Library/Frameworks/Foundation.framework; sourceTree = SDKROOT; };
		68259AFD19B710910060713A /* CoreData.framework */ = {isa = PBXFileReference; lastKnownFileType = wrapper.framework; name = CoreData.framework; path = System/Library/Frameworks/CoreData.framework; sourceTree = SDKROOT; };
		68259AFE19B710910060713A /* AppKit.framework */ = {isa = PBXFileReference; lastKnownFileType = wrapper.framework; name = AppKit.framework; path = System/Library/Frameworks/AppKit.framework; sourceTree = SDKROOT; };
		68259B0219B710910060713A /* HopperCommon.h */ = {isa = PBXFileReference; lastKnownFileType = sourcecode.c.h; path = HopperCommon.h; sourceTree = "<group>"; };
		68259B2219B713170060713A /* NSDataWithFill.h */ = {isa = PBXFileReference; fileEncoding = 4; lastKnownFileType = sourcecode.c.h; path = NSDataWithFill.h; sourceTree = "<group>"; };
		68259B2319B713170060713A /* NSDataWithFill.m */ = {isa = PBXFileReference; fileEncoding = 4; lastKnownFileType = sourcecode.c.objc; path = NSDataWithFill.m; sourceTree = "<group>"; };
		682E8A3A19C7AA4800E2BDC8 /* BaseContext.h */ = {isa = PBXFileReference; fileEncoding = 4; lastKnownFileType = sourcecode.c.h; path = BaseContext.h; sourceTree = "<group>"; };
		682E8A3B19C7AA4800E2BDC8 /* BaseContext.m */ = {isa = PBXFileReference; fileEncoding = 4; lastKnownFileType = sourcecode.c.objc; path = BaseContext.m; sourceTree = "<group>"; };
		683141461FB2193B0016514B /* 65xxUtilities.h */ = {isa = PBXFileReference; lastKnownFileType = sourcecode.c.h; path = 65xxUtilities.h; sourceTree = "<group>"; };
		683141471FB2193B0016514B /* 65xxUtilities.m */ = {isa = PBXFileReference; lastKnownFileType = sourcecode.c.objc; path = 65xxUtilities.m; sourceTree = "<group>"; };
		68A4254E1ECCD76F00FCA83C /* ModelManager.h */ = {isa = PBXFileReference; fileEncoding = 4; lastKnownFileType = sourcecode.c.h; path = ModelManager.h; sourceTree = "<group>"; };
		68A4254F1ECCD76F00FCA83C /* ModelManager.m */ = {isa = PBXFileReference; fileEncoding = 4; lastKnownFileType = sourcecode.c.objc; path = ModelManager.m; sourceTree = "<group>"; };
		AB5F6815ECD9B929DB790E64 /* BaseDefinition.m */ = {isa = PBXFileReference; fileEncoding = 4; lastKnownFileType = sourcecode.c.objc; path = BaseDefinition.m; sourceTree = "<group>"; };
		AB5F6AB711E9EEAE8060D349 /* Miscellaneous.m */ = {isa = PBXFileReference; fileEncoding = 4; lastKnownFileType = sourcecode.c.objc; path = Miscellaneous.m; sourceTree = "<group>"; };
		AB5F6DED1C772B93A64FA306 /* BaseDefinition.h */ = {isa = PBXFileReference; fileEncoding = 4; lastKnownFileType = sourcecode.c.h; path = BaseDefinition.h; sourceTree = "<group>"; };
		AB5F6E412404A46B1AFFBFA5 /* CPUProvider.h */ = {isa = PBXFileReference; fileEncoding = 4; lastKnownFileType = sourcecode.c.h; path = CPUProvider.h; sourceTree = "<group>"; };
		AB5F6FF33884B7C388E208F6 /* Miscellaneous.h */ = {isa = PBXFileReference; fileEncoding = 4; lastKnownFileType = sourcecode.c.h; path = Miscellaneous.h; sourceTree = "<group>"; };
/* End PBXFileReference section */

/* Begin PBXFrameworksBuildPhase section */
		68259AF319B710910060713A /* Frameworks */ = {
			isa = PBXFrameworksBuildPhase;
			buildActionMask = 2147483647;
			files = (
				68259AFA19B710910060713A /* Cocoa.framework in Frameworks */,
			);
			runOnlyForDeploymentPostprocessing = 0;
		};
/* End PBXFrameworksBuildPhase section */

/* Begin PBXGroup section */
		68259AED19B710910060713A = {
			isa = PBXGroup;
			children = (
				68259AFF19B710910060713A /* HopperCommon */,
				68259AF819B710910060713A /* Frameworks */,
				68259AF719B710910060713A /* Products */,
			);
			indentWidth = 2;
			sourceTree = "<group>";
			tabWidth = 2;
		};
		68259AF719B710910060713A /* Products */ = {
			isa = PBXGroup;
			children = (
				68259AF619B710910060713A /* libHopperCommon.a */,
			);
			name = Products;
			sourceTree = "<group>";
		};
		68259AF819B710910060713A /* Frameworks */ = {
			isa = PBXGroup;
			children = (
				68259AF919B710910060713A /* Cocoa.framework */,
				68259AFB19B710910060713A /* Other Frameworks */,
			);
			name = Frameworks;
			sourceTree = "<group>";
		};
		68259AFB19B710910060713A /* Other Frameworks */ = {
			isa = PBXGroup;
			children = (
				68259AFC19B710910060713A /* Foundation.framework */,
				68259AFD19B710910060713A /* CoreData.framework */,
				68259AFE19B710910060713A /* AppKit.framework */,
			);
			name = "Other Frameworks";
			sourceTree = "<group>";
		};
		68259AFF19B710910060713A /* HopperCommon */ = {
			isa = PBXGroup;
			children = (
				683141461FB2193B0016514B /* 65xxUtilities.h */,
				683141471FB2193B0016514B /* 65xxUtilities.m */,
				682E8A3A19C7AA4800E2BDC8 /* BaseContext.h */,
				682E8A3B19C7AA4800E2BDC8 /* BaseContext.m */,
				AB5F6DED1C772B93A64FA306 /* BaseDefinition.h */,
				AB5F6815ECD9B929DB790E64 /* BaseDefinition.m */,
				AB5F6E412404A46B1AFFBFA5 /* CPUProvider.h */,
				68259B0219B710910060713A /* HopperCommon.h */,
				AB5F6FF33884B7C388E208F6 /* Miscellaneous.h */,
				AB5F6AB711E9EEAE8060D349 /* Miscellaneous.m */,
				68A4254E1ECCD76F00FCA83C /* ModelManager.h */,
				68A4254F1ECCD76F00FCA83C /* ModelManager.m */,
				68259B2219B713170060713A /* NSDataWithFill.h */,
				68259B2319B713170060713A /* NSDataWithFill.m */,
			);
			path = HopperCommon;
			sourceTree = "<group>";
		};
/* End PBXGroup section */

/* Begin PBXHeadersBuildPhase section */
		68259AF419B710910060713A /* Headers */ = {
			isa = PBXHeadersBuildPhase;
			buildActionMask = 2147483647;
			files = (
				682E8A3C19C7AA4800E2BDC8 /* BaseContext.h in Headers */,
				68259B2419B713170060713A /* NSDataWithFill.h in Headers */,
				68A425501ECCD76F00FCA83C /* ModelManager.h in Headers */,
				683141481FB2193B0016514B /* 65xxUtilities.h in Headers */,
				AB5F68E5E1C69BB693C9E9FD /* BaseDefinition.h in Headers */,
				AB5F6D088876F75A75A0828B /* Miscellaneous.h in Headers */,
				AB5F6B6E5F437B0C37D8E218 /* CPUProvider.h in Headers */,
			);
			runOnlyForDeploymentPostprocessing = 0;
		};
/* End PBXHeadersBuildPhase section */

/* Begin PBXNativeTarget section */
		68259AF519B710910060713A /* HopperCommon */ = {
			isa = PBXNativeTarget;
			buildConfigurationList = 68259B1A19B710910060713A /* Build configuration list for PBXNativeTarget "HopperCommon" */;
			buildPhases = (
				68259AF219B710910060713A /* Sources */,
				68259AF319B710910060713A /* Frameworks */,
				68259AF419B710910060713A /* Headers */,
			);
			buildRules = (
			);
			dependencies = (
			);
			name = HopperCommon;
			productName = HopperCommon;
			productReference = 68259AF619B710910060713A /* libHopperCommon.a */;
			productType = "com.apple.product-type.library.static";
		};
/* End PBXNativeTarget section */

/* Begin PBXProject section */
		68259AEE19B710910060713A /* Project object */ = {
			isa = PBXProject;
			attributes = {
				LastUpgradeCheck = 1020;
				ORGANIZATIONNAME = "Alessandro Gatti - frob.it";
			};
			buildConfigurationList = 68259AF119B710910060713A /* Build configuration list for PBXProject "HopperCommon" */;
			compatibilityVersion = "Xcode 11.0";
			developmentRegion = en;
			hasScannedForEncodings = 0;
			knownRegions = (
				en,
				Base,
			);
			mainGroup = 68259AED19B710910060713A;
			productRefGroup = 68259AF719B710910060713A /* Products */;
			projectDirPath = "";
			projectRoot = "";
			targets = (
				68259AF519B710910060713A /* HopperCommon */,
			);
		};
/* End PBXProject section */

/* Begin PBXSourcesBuildPhase section */
		68259AF219B710910060713A /* Sources */ = {
			isa = PBXSourcesBuildPhase;
			buildActionMask = 2147483647;
			files = (
				68259B2519B713170060713A /* NSDataWithFill.m in Sources */,
				682E8A3D19C7AA4800E2BDC8 /* BaseContext.m in Sources */,
				683141491FB2193B0016514B /* 65xxUtilities.m in Sources */,
				68A425511ECCD76F00FCA83C /* ModelManager.m in Sources */,
				AB5F6AA9E23F48193FBC726A /* BaseDefinition.m in Sources */,
				AB5F6EC090A4104D6BAF03D6 /* Miscellaneous.m in Sources */,
			);
			runOnlyForDeploymentPostprocessing = 0;
		};
/* End PBXSourcesBuildPhase section */

/* Begin XCBuildConfiguration section */
		68259B1819B710910060713A /* Debug */ = {
			isa = XCBuildConfiguration;
			buildSettings = {
				ALWAYS_SEARCH_USER_PATHS = YES;
				CLANG_ANALYZER_LOCALIZABILITY_NONLOCALIZED = YES;
				CLANG_CXX_LANGUAGE_STANDARD = "gnu++0x";
				CLANG_CXX_LIBRARY = "libc++";
				CLANG_ENABLE_MODULES = YES;
				CLANG_ENABLE_OBJC_ARC = YES;
				CLANG_WARN_BLOCK_CAPTURE_AUTORELEASING = YES;
				CLANG_WARN_BOOL_CONVERSION = YES;
				CLANG_WARN_COMMA = YES;
				CLANG_WARN_CONSTANT_CONVERSION = YES;
				CLANG_WARN_DEPRECATED_OBJC_IMPLEMENTATIONS = YES;
				CLANG_WARN_DIRECT_OBJC_ISA_USAGE = YES_ERROR;
				CLANG_WARN_EMPTY_BODY = YES;
				CLANG_WARN_ENUM_CONVERSION = YES;
				CLANG_WARN_INFINITE_RECURSION = YES;
				CLANG_WARN_INT_CONVERSION = YES;
				CLANG_WARN_NON_LITERAL_NULL_CONVERSION = YES;
				CLANG_WARN_OBJC_IMPLICIT_RETAIN_SELF = YES;
				CLANG_WARN_OBJC_LITERAL_CONVERSION = YES;
				CLANG_WARN_OBJC_ROOT_CLASS = YES_ERROR;
				CLANG_WARN_RANGE_LOOP_ANALYSIS = YES;
				CLANG_WARN_STRICT_PROTOTYPES = YES;
				CLANG_WARN_SUSPICIOUS_MOVE = YES;
				CLANG_WARN_UNREACHABLE_CODE = YES;
				CLANG_WARN__DUPLICATE_METHOD_MATCH = YES;
				COPY_PHASE_STRIP = NO;
				ENABLE_STRICT_OBJC_MSGSEND = YES;
				ENABLE_TESTABILITY = YES;
				GCC_C_LANGUAGE_STANDARD = gnu99;
				GCC_DYNAMIC_NO_PIC = NO;
				GCC_ENABLE_OBJC_EXCEPTIONS = YES;
				GCC_NO_COMMON_BLOCKS = YES;
				GCC_OPTIMIZATION_LEVEL = 0;
				GCC_PREPROCESSOR_DEFINITIONS = (
					"DEBUG=1",
					"$(inherited)",
				);
				GCC_SYMBOLS_PRIVATE_EXTERN = NO;
				GCC_WARN_64_TO_32_BIT_CONVERSION = YES;
				GCC_WARN_ABOUT_RETURN_TYPE = YES_ERROR;
				GCC_WARN_UNDECLARED_SELECTOR = YES;
				GCC_WARN_UNINITIALIZED_AUTOS = YES_AGGRESSIVE;
				GCC_WARN_UNUSED_FUNCTION = YES;
				GCC_WARN_UNUSED_VARIABLE = YES;
				HEADER_SEARCH_PATHS = (
					"$(inherited)",
					/Applications/Xcode.app/Contents/Developer/Toolchains/XcodeDefault.xctoolchain/usr/include,
					"$(SRCROOT)/HopperSDK",
				);
				MACOSX_DEPLOYMENT_TARGET = 10.9;
				ONLY_ACTIVE_ARCH = YES;
				SDKROOT = macosx;
			};
			name = Debug;
		};
		68259B1919B710910060713A /* Release */ = {
			isa = XCBuildConfiguration;
			buildSettings = {
				ALWAYS_SEARCH_USER_PATHS = YES;
				CLANG_ANALYZER_LOCALIZABILITY_NONLOCALIZED = YES;
				CLANG_CXX_LANGUAGE_STANDARD = "gnu++0x";
				CLANG_CXX_LIBRARY = "libc++";
				CLANG_ENABLE_MODULES = YES;
				CLANG_ENABLE_OBJC_ARC = YES;
				CLANG_WARN_BLOCK_CAPTURE_AUTORELEASING = YES;
				CLANG_WARN_BOOL_CONVERSION = YES;
				CLANG_WARN_COMMA = YES;
				CLANG_WARN_CONSTANT_CONVERSION = YES;
				CLANG_WARN_DEPRECATED_OBJC_IMPLEMENTATIONS = YES;
				CLANG_WARN_DIRECT_OBJC_ISA_USAGE = YES_ERROR;
				CLANG_WARN_EMPTY_BODY = YES;
				CLANG_WARN_ENUM_CONVERSION = YES;
				CLANG_WARN_INFINITE_RECURSION = YES;
				CLANG_WARN_INT_CONVERSION = YES;
				CLANG_WARN_NON_LITERAL_NULL_CONVERSION = YES;
				CLANG_WARN_OBJC_IMPLICIT_RETAIN_SELF = YES;
				CLANG_WARN_OBJC_LITERAL_CONVERSION = YES;
				CLANG_WARN_OBJC_ROOT_CLASS = YES_ERROR;
				CLANG_WARN_RANGE_LOOP_ANALYSIS = YES;
				CLANG_WARN_STRICT_PROTOTYPES = YES;
				CLANG_WARN_SUSPICIOUS_MOVE = YES;
				CLANG_WARN_UNREACHABLE_CODE = YES;
				CLANG_WARN__DUPLICATE_METHOD_MATCH = YES;
				COPY_PHASE_STRIP = YES;
				DEBUG_INFORMATION_FORMAT = "dwarf-with-dsym";
				ENABLE_NS_ASSERTIONS = NO;
				ENABLE_STRICT_OBJC_MSGSEND = YES;
				GCC_C_LANGUAGE_STANDARD = gnu99;
				GCC_ENABLE_OBJC_EXCEPTIONS = YES;
				GCC_NO_COMMON_BLOCKS = YES;
				GCC_WARN_64_TO_32_BIT_CONVERSION = YES;
				GCC_WARN_ABOUT_RETURN_TYPE = YES_ERROR;
				GCC_WARN_UNDECLARED_SELECTOR = YES;
				GCC_WARN_UNINITIALIZED_AUTOS = YES_AGGRESSIVE;
				GCC_WARN_UNUSED_FUNCTION = YES;
				GCC_WARN_UNUSED_VARIABLE = YES;
				HEADER_SEARCH_PATHS = (
					"$(inherited)",
					/Applications/Xcode.app/Contents/Developer/Toolchains/XcodeDefault.xctoolchain/usr/include,
					"$(SRCROOT)/HopperSDK",
				);
				MACOSX_DEPLOYMENT_TARGET = 10.9;
				SDKROOT = macosx;
			};
			name = Release;
		};
		68259B1B19B710910060713A /* Debug */ = {
			isa = XCBuildConfiguration;
			buildSettings = {
				COMBINE_HIDPI_IMAGES = YES;
				GCC_PRECOMPILE_PREFIX_HEADER = NO;
				PRODUCT_NAME = "$(TARGET_NAME)";
			};
			name = Debug;
		};
		68259B1C19B710910060713A /* Release */ = {
			isa = XCBuildConfiguration;
			buildSettings = {
				COMBINE_HIDPI_IMAGES = YES;
				GCC_PRECOMPILE_PREFIX_HEADER = NO;
				PRODUCT_NAME = "$(TARGET_NAME)";
			};
			name = Release;
		};
/* End XCBuildConfiguration section */

/* Begin XCConfigurationList section */
		68259AF119B710910060713A /* Build configuration list for PBXProject "HopperCommon" */ = {
			isa = XCConfigurationList;
			buildConfigurations = (
				68259B1819B710910060713A /* Debug */,
				68259B1919B710910060713A /* Release */,
			);
			defaultConfigurationIsVisible = 0;
			defaultConfigurationName = Release;
		};
		68259B1A19B710910060713A /* Build configuration list for PBXNativeTarget "HopperCommon" */ = {
			isa = XCConfigurationList;
			buildConfigurations = (
				68259B1B19B710910060713A /* Debug */,
				68259B1C19B710910060713A /* Release */,
			);
			defaultConfigurationIsVisible = 0;
			defaultConfigurationName = Release;
		};
/* End XCConfigurationList section */
	};
	rootObject = 68259AEE19B710910060713A /* Project object */;
}
