// !$*UTF8*$!
{
	archiveVersion = 1;
	classes = {
	};
	objectVersion = 46;
	objects = {

/* Begin PBXBuildFile section */
		6801368719706CC5004964BD /* CoreFoundation.framework in Frameworks */ = {isa = PBXBuildFile; fileRef = 6801368619706CC5004964BD /* CoreFoundation.framework */; };
		68259B2119B712DF0060713A /* libHopperCommon.a in Frameworks */ = {isa = PBXBuildFile; fileRef = 68259B2019B712DF0060713A /* libHopperCommon.a */; };
		683372EA197C909B002B432E /* FRBGeneric65C02.m in Sources */ = {isa = PBXBuildFile; fileRef = 683372E9197C909B002B432E /* FRBGeneric65C02.m */; };
		683A4C24197C8E4700B7F172 /* FRBContext.m in Sources */ = {isa = PBXBuildFile; fileRef = 683A4C1A197C8E4700B7F172 /* FRBContext.m */; };
		683A4C25197C8E4700B7F172 /* FRBDefinition.m in Sources */ = {isa = PBXBuildFile; fileRef = 683A4C1C197C8E4700B7F172 /* FRBDefinition.m */; };
		683A4C27197C8E4700B7F172 /* FRBGeneric6502.m in Sources */ = {isa = PBXBuildFile; fileRef = 683A4C21197C8E4700B7F172 /* FRBGeneric6502.m */; };
		683A4C31197C8E7000B7F172 /* InfoPlist.strings in Resources */ = {isa = PBXBuildFile; fileRef = 683A4C2F197C8E7000B7F172 /* InfoPlist.strings */; };
		685736AA1985738C00D790A9 /* lib65xxCommon.a in Frameworks */ = {isa = PBXBuildFile; fileRef = 685736A91985738B00D790A9 /* lib65xxCommon.a */; };
		6873AD77197F810400B46DB5 /* FRBR6500.m in Sources */ = {isa = PBXBuildFile; fileRef = 6873AD76197F810400B46DB5 /* FRBR6500.m */; };
		6873AD7D197F8E7A00B46DB5 /* FRBHuC6280.m in Sources */ = {isa = PBXBuildFile; fileRef = 6873AD7C197F8E7A00B46DB5 /* FRBHuC6280.m */; };
		688E0143197C949E00C9DC94 /* FRBW65C02S.m in Sources */ = {isa = PBXBuildFile; fileRef = 688E0142197C949E00C9DC94 /* FRBW65C02S.m */; };
		68AE6F0019ACE4370020D445 /* FRBM740.m in Sources */ = {isa = PBXBuildFile; fileRef = 68AE6EFE19ACE4370020D445 /* FRBM740.m */; };
		68B87E0A19AB975400BEE286 /* FRBR65C02.m in Sources */ = {isa = PBXBuildFile; fileRef = 68B87E0819AB975400BEE286 /* FRBR65C02.m */; };
		68B87E0E19ABD99800BEE286 /* FRBR65C19.m in Sources */ = {isa = PBXBuildFile; fileRef = 68B87E0C19ABD99800BEE286 /* FRBR65C19.m */; };
		68BFF68919AC467800025CDE /* FRBR65C29.m in Sources */ = {isa = PBXBuildFile; fileRef = 68BFF68719AC467800025CDE /* FRBR65C29.m */; };
		68CEFDC6197CB07C0068B320 /* models.plist in Resources */ = {isa = PBXBuildFile; fileRef = 68CEFDC5197CB07C0068B320 /* models.plist */; };
		68CEFDC9197CB5840068B320 /* FRBModelHandler.m in Sources */ = {isa = PBXBuildFile; fileRef = 68CEFDC8197CB5840068B320 /* FRBModelHandler.m */; };
		68F0A4E219E0645A007037E2 /* FRB65N02.m in Sources */ = {isa = PBXBuildFile; fileRef = 68F0A4DB19E0645A007037E2 /* FRB65N02.m */; };
		68F0A4E319E0645A007037E2 /* FRB65R02.m in Sources */ = {isa = PBXBuildFile; fileRef = 68F0A4DD19E0645A007037E2 /* FRB65R02.m */; };
		68F0A4E419E0645A007037E2 /* FRB65S02.m in Sources */ = {isa = PBXBuildFile; fileRef = 68F0A4DF19E0645A007037E2 /* FRB65S02.m */; };
		68F0A4E519E0645A007037E2 /* FRBSunPlus.m in Sources */ = {isa = PBXBuildFile; fileRef = 68F0A4E119E0645A007037E2 /* FRBSunPlus.m */; };
/* End PBXBuildFile section */

/* Begin PBXFileReference section */
		6801368319706CC5004964BD /* 6502.hopperCPU */ = {isa = PBXFileReference; explicitFileType = wrapper.cfbundle; includeInIndex = 0; path = 6502.hopperCPU; sourceTree = BUILT_PRODUCTS_DIR; };
		6801368619706CC5004964BD /* CoreFoundation.framework */ = {isa = PBXFileReference; lastKnownFileType = wrapper.framework; name = CoreFoundation.framework; path = System/Library/Frameworks/CoreFoundation.framework; sourceTree = SDKROOT; };
		68259B2019B712DF0060713A /* libHopperCommon.a */ = {isa = PBXFileReference; lastKnownFileType = archive.ar; name = libHopperCommon.a; path = "../../Library/Developer/Xcode/DerivedData/HopperPlugins-fzslwhyufvevicghqykcwcprlbow/Build/Products/Debug/libHopperCommon.a"; sourceTree = "<group>"; };
		68259B2B19B72AC00060713A /* FRBProvider.h */ = {isa = PBXFileReference; lastKnownFileType = sourcecode.c.h; path = FRBProvider.h; sourceTree = "<group>"; };
		683372E8197C909B002B432E /* FRBGeneric65C02.h */ = {isa = PBXFileReference; fileEncoding = 4; lastKnownFileType = sourcecode.c.h; name = FRBGeneric65C02.h; path = 6502/FRBGeneric65C02.h; sourceTree = SOURCE_ROOT; };
		683372E9197C909B002B432E /* FRBGeneric65C02.m */ = {isa = PBXFileReference; fileEncoding = 4; lastKnownFileType = sourcecode.c.objc; name = FRBGeneric65C02.m; path = 6502/FRBGeneric65C02.m; sourceTree = SOURCE_ROOT; };
		683A4C18197C8E4700B7F172 /* FRBBase.h */ = {isa = PBXFileReference; fileEncoding = 4; lastKnownFileType = sourcecode.c.h; name = FRBBase.h; path = 6502/FRBBase.h; sourceTree = SOURCE_ROOT; };
		683A4C19197C8E4700B7F172 /* FRBContext.h */ = {isa = PBXFileReference; fileEncoding = 4; lastKnownFileType = sourcecode.c.h; name = FRBContext.h; path = 6502/FRBContext.h; sourceTree = SOURCE_ROOT; };
		683A4C1A197C8E4700B7F172 /* FRBContext.m */ = {isa = PBXFileReference; fileEncoding = 4; lastKnownFileType = sourcecode.c.objc; name = FRBContext.m; path = 6502/FRBContext.m; sourceTree = SOURCE_ROOT; };
		683A4C1B197C8E4700B7F172 /* FRBDefinition.h */ = {isa = PBXFileReference; fileEncoding = 4; lastKnownFileType = sourcecode.c.h; name = FRBDefinition.h; path = 6502/FRBDefinition.h; sourceTree = SOURCE_ROOT; };
		683A4C1C197C8E4700B7F172 /* FRBDefinition.m */ = {isa = PBXFileReference; fileEncoding = 4; lastKnownFileType = sourcecode.c.objc; name = FRBDefinition.m; path = 6502/FRBDefinition.m; sourceTree = SOURCE_ROOT; };
		683A4C20197C8E4700B7F172 /* FRBGeneric6502.h */ = {isa = PBXFileReference; fileEncoding = 4; lastKnownFileType = sourcecode.c.h; name = FRBGeneric6502.h; path = 6502/FRBGeneric6502.h; sourceTree = SOURCE_ROOT; };
		683A4C21197C8E4700B7F172 /* FRBGeneric6502.m */ = {isa = PBXFileReference; fileEncoding = 4; lastKnownFileType = sourcecode.c.objc; name = FRBGeneric6502.m; path = 6502/FRBGeneric6502.m; sourceTree = SOURCE_ROOT; };
		683A4C2B197C8E5700B7F172 /* FRB6502Plugin-Info.plist */ = {isa = PBXFileReference; fileEncoding = 4; lastKnownFileType = text.plist.xml; name = "FRB6502Plugin-Info.plist"; path = "6502/FRB6502Plugin-Info.plist"; sourceTree = SOURCE_ROOT; };
		683A4C2C197C8E5700B7F172 /* FRB6502Plugin-Prefix.pch */ = {isa = PBXFileReference; fileEncoding = 4; lastKnownFileType = sourcecode.c.h; name = "FRB6502Plugin-Prefix.pch"; path = "6502/FRB6502Plugin-Prefix.pch"; sourceTree = SOURCE_ROOT; };
		683A4C30197C8E7000B7F172 /* en */ = {isa = PBXFileReference; lastKnownFileType = text.plist.strings; name = en; path = 6502/en.lproj/InfoPlist.strings; sourceTree = SOURCE_ROOT; };
		685736A91985738B00D790A9 /* lib65xxCommon.a */ = {isa = PBXFileReference; lastKnownFileType = archive.ar; name = lib65xxCommon.a; path = build/Debug/lib65xxCommon.a; sourceTree = "<group>"; };
		6860A68819AAA0B600A9AC3B /* XCTest.framework */ = {isa = PBXFileReference; lastKnownFileType = wrapper.framework; name = XCTest.framework; path = Library/Frameworks/XCTest.framework; sourceTree = DEVELOPER_DIR; };
		6873AD75197F810400B46DB5 /* FRBR6500.h */ = {isa = PBXFileReference; fileEncoding = 4; lastKnownFileType = sourcecode.c.h; path = FRBR6500.h; sourceTree = "<group>"; };
		6873AD76197F810400B46DB5 /* FRBR6500.m */ = {isa = PBXFileReference; fileEncoding = 4; lastKnownFileType = sourcecode.c.objc; path = FRBR6500.m; sourceTree = "<group>"; };
		6873AD7B197F8E7A00B46DB5 /* FRBHuC6280.h */ = {isa = PBXFileReference; fileEncoding = 4; lastKnownFileType = sourcecode.c.h; path = FRBHuC6280.h; sourceTree = "<group>"; };
		6873AD7C197F8E7A00B46DB5 /* FRBHuC6280.m */ = {isa = PBXFileReference; fileEncoding = 4; lastKnownFileType = sourcecode.c.objc; path = FRBHuC6280.m; sourceTree = "<group>"; };
		688E0141197C949E00C9DC94 /* FRBW65C02S.h */ = {isa = PBXFileReference; fileEncoding = 4; lastKnownFileType = sourcecode.c.h; name = FRBW65C02S.h; path = 6502/FRBW65C02S.h; sourceTree = SOURCE_ROOT; };
		688E0142197C949E00C9DC94 /* FRBW65C02S.m */ = {isa = PBXFileReference; fileEncoding = 4; lastKnownFileType = sourcecode.c.objc; name = FRBW65C02S.m; path = 6502/FRBW65C02S.m; sourceTree = SOURCE_ROOT; };
		68AE6EFD19ACE4370020D445 /* FRBM740.h */ = {isa = PBXFileReference; fileEncoding = 4; lastKnownFileType = sourcecode.c.h; path = FRBM740.h; sourceTree = "<group>"; };
		68AE6EFE19ACE4370020D445 /* FRBM740.m */ = {isa = PBXFileReference; fileEncoding = 4; lastKnownFileType = sourcecode.c.objc; path = FRBM740.m; sourceTree = "<group>"; };
		68B87E0719AB975400BEE286 /* FRBR65C02.h */ = {isa = PBXFileReference; fileEncoding = 4; lastKnownFileType = sourcecode.c.h; path = FRBR65C02.h; sourceTree = "<group>"; };
		68B87E0819AB975400BEE286 /* FRBR65C02.m */ = {isa = PBXFileReference; fileEncoding = 4; lastKnownFileType = sourcecode.c.objc; path = FRBR65C02.m; sourceTree = "<group>"; };
		68B87E0B19ABD99800BEE286 /* FRBR65C19.h */ = {isa = PBXFileReference; fileEncoding = 4; lastKnownFileType = sourcecode.c.h; path = FRBR65C19.h; sourceTree = "<group>"; };
		68B87E0C19ABD99800BEE286 /* FRBR65C19.m */ = {isa = PBXFileReference; fileEncoding = 4; lastKnownFileType = sourcecode.c.objc; path = FRBR65C19.m; sourceTree = "<group>"; };
		68BFF68619AC467800025CDE /* FRBR65C29.h */ = {isa = PBXFileReference; fileEncoding = 4; lastKnownFileType = sourcecode.c.h; path = FRBR65C29.h; sourceTree = "<group>"; };
		68BFF68719AC467800025CDE /* FRBR65C29.m */ = {isa = PBXFileReference; fileEncoding = 4; lastKnownFileType = sourcecode.c.objc; path = FRBR65C29.m; sourceTree = "<group>"; };
		68CEFDC5197CB07C0068B320 /* models.plist */ = {isa = PBXFileReference; fileEncoding = 4; lastKnownFileType = text.plist.xml; name = models.plist; path = 6502/models.plist; sourceTree = SOURCE_ROOT; };
		68CEFDC7197CB5840068B320 /* FRBModelHandler.h */ = {isa = PBXFileReference; fileEncoding = 4; lastKnownFileType = sourcecode.c.h; name = FRBModelHandler.h; path = 6502/FRBModelHandler.h; sourceTree = SOURCE_ROOT; };
		68CEFDC8197CB5840068B320 /* FRBModelHandler.m */ = {isa = PBXFileReference; fileEncoding = 4; lastKnownFileType = sourcecode.c.objc; name = FRBModelHandler.m; path = 6502/FRBModelHandler.m; sourceTree = SOURCE_ROOT; };
		68F0A4DA19E0645A007037E2 /* FRB65N02.h */ = {isa = PBXFileReference; fileEncoding = 4; lastKnownFileType = sourcecode.c.h; path = FRB65N02.h; sourceTree = "<group>"; };
		68F0A4DB19E0645A007037E2 /* FRB65N02.m */ = {isa = PBXFileReference; fileEncoding = 4; lastKnownFileType = sourcecode.c.objc; path = FRB65N02.m; sourceTree = "<group>"; };
		68F0A4DC19E0645A007037E2 /* FRB65R02.h */ = {isa = PBXFileReference; fileEncoding = 4; lastKnownFileType = sourcecode.c.h; path = FRB65R02.h; sourceTree = "<group>"; };
		68F0A4DD19E0645A007037E2 /* FRB65R02.m */ = {isa = PBXFileReference; fileEncoding = 4; lastKnownFileType = sourcecode.c.objc; path = FRB65R02.m; sourceTree = "<group>"; };
		68F0A4DE19E0645A007037E2 /* FRB65S02.h */ = {isa = PBXFileReference; fileEncoding = 4; lastKnownFileType = sourcecode.c.h; path = FRB65S02.h; sourceTree = "<group>"; };
		68F0A4DF19E0645A007037E2 /* FRB65S02.m */ = {isa = PBXFileReference; fileEncoding = 4; lastKnownFileType = sourcecode.c.objc; path = FRB65S02.m; sourceTree = "<group>"; };
		68F0A4E019E0645A007037E2 /* FRBSunPlus.h */ = {isa = PBXFileReference; fileEncoding = 4; lastKnownFileType = sourcecode.c.h; path = FRBSunPlus.h; sourceTree = "<group>"; };
		68F0A4E119E0645A007037E2 /* FRBSunPlus.m */ = {isa = PBXFileReference; fileEncoding = 4; lastKnownFileType = sourcecode.c.objc; path = FRBSunPlus.m; sourceTree = "<group>"; };
/* End PBXFileReference section */

/* Begin PBXFrameworksBuildPhase section */
		6801368019706CC5004964BD /* Frameworks */ = {
			isa = PBXFrameworksBuildPhase;
			buildActionMask = 2147483647;
			files = (
				68259B2119B712DF0060713A /* libHopperCommon.a in Frameworks */,
				685736AA1985738C00D790A9 /* lib65xxCommon.a in Frameworks */,
				6801368719706CC5004964BD /* CoreFoundation.framework in Frameworks */,
			);
			runOnlyForDeploymentPostprocessing = 0;
		};
/* End PBXFrameworksBuildPhase section */

/* Begin PBXGroup section */
		6801367A19706CC5004964BD = {
			isa = PBXGroup;
			children = (
				6801368819706CC5004964BD /* 6502 */,
				6801368519706CC5004964BD /* Frameworks */,
				6801368419706CC5004964BD /* Products */,
			);
			sourceTree = "<group>";
		};
		6801368419706CC5004964BD /* Products */ = {
			isa = PBXGroup;
			children = (
				6801368319706CC5004964BD /* 6502.hopperCPU */,
			);
			name = Products;
			sourceTree = "<group>";
		};
		6801368519706CC5004964BD /* Frameworks */ = {
			isa = PBXGroup;
			children = (
				68259B2019B712DF0060713A /* libHopperCommon.a */,
				685736A91985738B00D790A9 /* lib65xxCommon.a */,
				6801368619706CC5004964BD /* CoreFoundation.framework */,
				6860A68819AAA0B600A9AC3B /* XCTest.framework */,
			);
			name = Frameworks;
			sourceTree = "<group>";
		};
		6801368819706CC5004964BD /* 6502 */ = {
			isa = PBXGroup;
			children = (
				6873AD79197F863400B46DB5 /* Chips */,
				6801368919706CC5004964BD /* Supporting Files */,
				68259B2B19B72AC00060713A /* FRBProvider.h */,
				683A4C18197C8E4700B7F172 /* FRBBase.h */,
				683A4C19197C8E4700B7F172 /* FRBContext.h */,
				683A4C1A197C8E4700B7F172 /* FRBContext.m */,
				683A4C1B197C8E4700B7F172 /* FRBDefinition.h */,
				683A4C1C197C8E4700B7F172 /* FRBDefinition.m */,
				68CEFDC7197CB5840068B320 /* FRBModelHandler.h */,
				68CEFDC8197CB5840068B320 /* FRBModelHandler.m */,
			);
			path = 6502;
			sourceTree = "<group>";
		};
		6801368919706CC5004964BD /* Supporting Files */ = {
			isa = PBXGroup;
			children = (
				683A4C2F197C8E7000B7F172 /* InfoPlist.strings */,
				683A4C2B197C8E5700B7F172 /* FRB6502Plugin-Info.plist */,
				683A4C2C197C8E5700B7F172 /* FRB6502Plugin-Prefix.pch */,
				68CEFDC5197CB07C0068B320 /* models.plist */,
			);
			name = "Supporting Files";
			sourceTree = "<group>";
		};
		6873AD79197F863400B46DB5 /* Chips */ = {
			isa = PBXGroup;
			children = (
				68F0A4DA19E0645A007037E2 /* FRB65N02.h */,
				68F0A4DB19E0645A007037E2 /* FRB65N02.m */,
				68F0A4DC19E0645A007037E2 /* FRB65R02.h */,
				68F0A4DD19E0645A007037E2 /* FRB65R02.m */,
				68F0A4DE19E0645A007037E2 /* FRB65S02.h */,
				68F0A4DF19E0645A007037E2 /* FRB65S02.m */,
				68F0A4E019E0645A007037E2 /* FRBSunPlus.h */,
				68F0A4E119E0645A007037E2 /* FRBSunPlus.m */,
				683A4C20197C8E4700B7F172 /* FRBGeneric6502.h */,
				683A4C21197C8E4700B7F172 /* FRBGeneric6502.m */,
				683372E8197C909B002B432E /* FRBGeneric65C02.h */,
				683372E9197C909B002B432E /* FRBGeneric65C02.m */,
				6873AD7B197F8E7A00B46DB5 /* FRBHuC6280.h */,
				6873AD7C197F8E7A00B46DB5 /* FRBHuC6280.m */,
				68AE6EFD19ACE4370020D445 /* FRBM740.h */,
				68AE6EFE19ACE4370020D445 /* FRBM740.m */,
				6873AD75197F810400B46DB5 /* FRBR6500.h */,
				6873AD76197F810400B46DB5 /* FRBR6500.m */,
				68B87E0719AB975400BEE286 /* FRBR65C02.h */,
				68B87E0819AB975400BEE286 /* FRBR65C02.m */,
				68B87E0B19ABD99800BEE286 /* FRBR65C19.h */,
				68B87E0C19ABD99800BEE286 /* FRBR65C19.m */,
				68BFF68619AC467800025CDE /* FRBR65C29.h */,
				68BFF68719AC467800025CDE /* FRBR65C29.m */,
				688E0141197C949E00C9DC94 /* FRBW65C02S.h */,
				688E0142197C949E00C9DC94 /* FRBW65C02S.m */,
			);
			name = Chips;
			sourceTree = "<group>";
		};
/* End PBXGroup section */

/* Begin PBXNativeTarget section */
		6801368219706CC5004964BD /* 6502 */ = {
			isa = PBXNativeTarget;
			buildConfigurationList = 6801369119706CC5004964BD /* Build configuration list for PBXNativeTarget "6502" */;
			buildPhases = (
				6801367F19706CC5004964BD /* Sources */,
				6801368019706CC5004964BD /* Frameworks */,
				6801368119706CC5004964BD /* Resources */,
			);
			buildRules = (
			);
			dependencies = (
			);
			name = 6502;
			productName = 6502;
			productReference = 6801368319706CC5004964BD /* 6502.hopperCPU */;
			productType = "com.apple.product-type.bundle";
		};
/* End PBXNativeTarget section */

/* Begin PBXProject section */
		6801367B19706CC5004964BD /* Project object */ = {
			isa = PBXProject;
			attributes = {
				LastUpgradeCheck = 0510;
				ORGANIZATIONNAME = frob.it;
			};
			buildConfigurationList = 6801367E19706CC5004964BD /* Build configuration list for PBXProject "6502" */;
			compatibilityVersion = "Xcode 3.2";
			developmentRegion = English;
			hasScannedForEncodings = 0;
			knownRegions = (
				en,
			);
			mainGroup = 6801367A19706CC5004964BD;
			productRefGroup = 6801368419706CC5004964BD /* Products */;
			projectDirPath = "";
			projectRoot = "";
			targets = (
				6801368219706CC5004964BD /* 6502 */,
			);
		};
/* End PBXProject section */

/* Begin PBXResourcesBuildPhase section */
		6801368119706CC5004964BD /* Resources */ = {
			isa = PBXResourcesBuildPhase;
			buildActionMask = 2147483647;
			files = (
				68CEFDC6197CB07C0068B320 /* models.plist in Resources */,
				683A4C31197C8E7000B7F172 /* InfoPlist.strings in Resources */,
			);
			runOnlyForDeploymentPostprocessing = 0;
		};
/* End PBXResourcesBuildPhase section */

/* Begin PBXSourcesBuildPhase section */
		6801367F19706CC5004964BD /* Sources */ = {
			isa = PBXSourcesBuildPhase;
			buildActionMask = 2147483647;
			files = (
				68F0A4E319E0645A007037E2 /* FRB65R02.m in Sources */,
				68B87E0E19ABD99800BEE286 /* FRBR65C19.m in Sources */,
				68F0A4E219E0645A007037E2 /* FRB65N02.m in Sources */,
				683A4C24197C8E4700B7F172 /* FRBContext.m in Sources */,
				683A4C25197C8E4700B7F172 /* FRBDefinition.m in Sources */,
				688E0143197C949E00C9DC94 /* FRBW65C02S.m in Sources */,
				68AE6F0019ACE4370020D445 /* FRBM740.m in Sources */,
				6873AD7D197F8E7A00B46DB5 /* FRBHuC6280.m in Sources */,
				683A4C27197C8E4700B7F172 /* FRBGeneric6502.m in Sources */,
				68F0A4E419E0645A007037E2 /* FRB65S02.m in Sources */,
				6873AD77197F810400B46DB5 /* FRBR6500.m in Sources */,
				68F0A4E519E0645A007037E2 /* FRBSunPlus.m in Sources */,
				68BFF68919AC467800025CDE /* FRBR65C29.m in Sources */,
				683372EA197C909B002B432E /* FRBGeneric65C02.m in Sources */,
				68B87E0A19AB975400BEE286 /* FRBR65C02.m in Sources */,
				68CEFDC9197CB5840068B320 /* FRBModelHandler.m in Sources */,
			);
			runOnlyForDeploymentPostprocessing = 0;
		};
/* End PBXSourcesBuildPhase section */

/* Begin PBXVariantGroup section */
		683A4C2F197C8E7000B7F172 /* InfoPlist.strings */ = {
			isa = PBXVariantGroup;
			children = (
				683A4C30197C8E7000B7F172 /* en */,
			);
			name = InfoPlist.strings;
			sourceTree = "<group>";
		};
/* End PBXVariantGroup section */

/* Begin XCBuildConfiguration section */
		6801368F19706CC5004964BD /* Debug */ = {
			isa = XCBuildConfiguration;
			buildSettings = {
				ALWAYS_SEARCH_USER_PATHS = YES;
				CLANG_CXX_LANGUAGE_STANDARD = "gnu++0x";
				CLANG_CXX_LIBRARY = "libc++";
				CLANG_ENABLE_MODULES = YES;
				CLANG_ENABLE_OBJC_ARC = YES;
				CLANG_WARN_BOOL_CONVERSION = YES;
				CLANG_WARN_CONSTANT_CONVERSION = YES;
				CLANG_WARN_DIRECT_OBJC_ISA_USAGE = YES_ERROR;
				CLANG_WARN_EMPTY_BODY = YES;
				CLANG_WARN_ENUM_CONVERSION = YES;
				CLANG_WARN_INT_CONVERSION = YES;
				CLANG_WARN_OBJC_ROOT_CLASS = YES_ERROR;
				CLANG_WARN__DUPLICATE_METHOD_MATCH = YES;
				COPY_PHASE_STRIP = NO;
				GCC_C_LANGUAGE_STANDARD = gnu99;
				GCC_DYNAMIC_NO_PIC = NO;
				GCC_ENABLE_OBJC_EXCEPTIONS = YES;
				GCC_OPTIMIZATION_LEVEL = 0;
				GCC_PRECOMPILE_PREFIX_HEADER = YES;
				GCC_PREFIX_HEADER = "6502/FRB6502Plugin-Prefix.pch";
				GCC_PREPROCESSOR_DEFINITIONS = (
					"DEBUG=1",
					"$(inherited)",
				);
				GCC_SYMBOLS_PRIVATE_EXTERN = NO;
				GCC_WARN_64_TO_32_BIT_CONVERSION = YES;
				GCC_WARN_ABOUT_RETURN_TYPE = YES_ERROR;
				GCC_WARN_UNDECLARED_SELECTOR = YES;
				GCC_WARN_UNINITIALIZED_AUTOS = YES_AGGRESSIVE;
				GCC_WARN_UNUSED_FUNCTION = YES;
				GCC_WARN_UNUSED_VARIABLE = YES;
				HEADER_SEARCH_PATHS = (
					"$(inherited)",
					/Applications/Xcode.app/Contents/Developer/Toolchains/XcodeDefault.xctoolchain/usr/include,
					"$(SRCROOT)/HopperSDK",
				);
				LIBRARY_SEARCH_PATHS = "$(BUILT_PRODUCTS_DIR)";
				MACOSX_DEPLOYMENT_TARGET = 10.9;
				ONLY_ACTIVE_ARCH = YES;
				SDKROOT = macosx;
				USER_HEADER_SEARCH_PATHS = "$(SRCROOT)/65xxCommon $(SRCROOT)/HopperCommon";
			};
			name = Debug;
		};
		6801369019706CC5004964BD /* Release */ = {
			isa = XCBuildConfiguration;
			buildSettings = {
				ALWAYS_SEARCH_USER_PATHS = YES;
				CLANG_CXX_LANGUAGE_STANDARD = "gnu++0x";
				CLANG_CXX_LIBRARY = "libc++";
				CLANG_ENABLE_MODULES = YES;
				CLANG_ENABLE_OBJC_ARC = YES;
				CLANG_WARN_BOOL_CONVERSION = YES;
				CLANG_WARN_CONSTANT_CONVERSION = YES;
				CLANG_WARN_DIRECT_OBJC_ISA_USAGE = YES_ERROR;
				CLANG_WARN_EMPTY_BODY = YES;
				CLANG_WARN_ENUM_CONVERSION = YES;
				CLANG_WARN_INT_CONVERSION = YES;
				CLANG_WARN_OBJC_ROOT_CLASS = YES_ERROR;
				CLANG_WARN__DUPLICATE_METHOD_MATCH = YES;
				COPY_PHASE_STRIP = YES;
				DEBUG_INFORMATION_FORMAT = "dwarf-with-dsym";
				ENABLE_NS_ASSERTIONS = NO;
				GCC_C_LANGUAGE_STANDARD = gnu99;
				GCC_ENABLE_OBJC_EXCEPTIONS = YES;
				GCC_PRECOMPILE_PREFIX_HEADER = YES;
				GCC_PREFIX_HEADER = "6502/FRB6502Plugin-Prefix.pch";
				GCC_WARN_64_TO_32_BIT_CONVERSION = YES;
				GCC_WARN_ABOUT_RETURN_TYPE = YES_ERROR;
				GCC_WARN_UNDECLARED_SELECTOR = YES;
				GCC_WARN_UNINITIALIZED_AUTOS = YES_AGGRESSIVE;
				GCC_WARN_UNUSED_FUNCTION = YES;
				GCC_WARN_UNUSED_VARIABLE = YES;
				HEADER_SEARCH_PATHS = (
					"$(inherited)",
					/Applications/Xcode.app/Contents/Developer/Toolchains/XcodeDefault.xctoolchain/usr/include,
					"$(SRCROOT)/HopperSDK",
				);
				LIBRARY_SEARCH_PATHS = "$(BUILT_PRODUCTS_DIR)";
				MACOSX_DEPLOYMENT_TARGET = 10.9;
				PRODUCT_NAME = 6502;
				SDKROOT = macosx;
				USER_HEADER_SEARCH_PATHS = "$(SRCROOT)/65xxCommon $(SRCROOT)/HopperCommon";
			};
			name = Release;
		};
		6801369219706CC5004964BD /* Debug */ = {
			isa = XCBuildConfiguration;
			buildSettings = {
				COMBINE_HIDPI_IMAGES = YES;
				GCC_PRECOMPILE_PREFIX_HEADER = YES;
				INFOPLIST_FILE = "6502/FRB6502Plugin-Info.plist";
				INSTALL_PATH = "$(LOCAL_LIBRARY_DIR)/Bundles";
				LIBRARY_SEARCH_PATHS = (
					"$(inherited)",
					"$(USER_LIBRARY_DIR)/Developer/Xcode/DerivedData/HopperPlugins-fzslwhyufvevicghqykcwcprlbow/Build/Products/Debug",
				);
				PRODUCT_NAME = 6502;
				WRAPPER_EXTENSION = hopperCPU;
			};
			name = Debug;
		};
		6801369319706CC5004964BD /* Release */ = {
			isa = XCBuildConfiguration;
			buildSettings = {
				COMBINE_HIDPI_IMAGES = YES;
				GCC_PRECOMPILE_PREFIX_HEADER = YES;
				INFOPLIST_FILE = "6502/FRB6502Plugin-Info.plist";
				INSTALL_PATH = "$(LOCAL_LIBRARY_DIR)/Bundles";
				LIBRARY_SEARCH_PATHS = (
					"$(inherited)",
					"$(USER_LIBRARY_DIR)/Developer/Xcode/DerivedData/HopperPlugins-fzslwhyufvevicghqykcwcprlbow/Build/Products/Debug",
				);
				PRODUCT_NAME = 6502;
				WRAPPER_EXTENSION = hopperCPU;
			};
			name = Release;
		};
/* End XCBuildConfiguration section */

/* Begin XCConfigurationList section */
		6801367E19706CC5004964BD /* Build configuration list for PBXProject "6502" */ = {
			isa = XCConfigurationList;
			buildConfigurations = (
				6801368F19706CC5004964BD /* Debug */,
				6801369019706CC5004964BD /* Release */,
			);
			defaultConfigurationIsVisible = 0;
			defaultConfigurationName = Release;
		};
		6801369119706CC5004964BD /* Build configuration list for PBXNativeTarget "6502" */ = {
			isa = XCConfigurationList;
			buildConfigurations = (
				6801369219706CC5004964BD /* Debug */,
				6801369319706CC5004964BD /* Release */,
			);
			defaultConfigurationIsVisible = 0;
			defaultConfigurationName = Release;
		};
/* End XCConfigurationList section */
	};
	rootObject = 6801367B19706CC5004964BD /* Project object */;
}
